{
  "name": "Dskntik-token",
  "lockfileVersion": 3,
  "requires": true,
  "packages": {
    "": {
      "dependencies": {
        "tact": "^0.1.0"
      }
    },
    "node_modules/tact": {
      "version": "0.1.0",
      "resolved": "https://registry.npmjs.org/tact/-/tact-0.1.0.tgz",
      "integrity": "sha512-0OOF+j+5+aRjwpFUiVUcmv6LdhCsrRb7dy877GO/rVdedCX7CC9L27S6JTAqRzLdR5axILWyPRf34a+JU9D02A=="
    }
  }
}
